// !$*UTF8*$!
{
	archiveVersion = 1;
	classes = {
	};
	objectVersion = 50;
	objects = {

/* Begin PBXBuildFile section */
		0596AED9207E33D6003E2726 /* AppDelegate.swift in Sources */ = {isa = PBXBuildFile; fileRef = 0596AED8207E33D6003E2726 /* AppDelegate.swift */; };
		0596AEDB207E33D6003E2726 /* LiveStoriesMainController.swift in Sources */ = {isa = PBXBuildFile; fileRef = 0596AEDA207E33D6003E2726 /* LiveStoriesMainController.swift */; };
		0596AEDE207E33D6003E2726 /* Main.storyboard in Resources */ = {isa = PBXBuildFile; fileRef = 0596AEDC207E33D6003E2726 /* Main.storyboard */; };
		0596AEE0207E33D7003E2726 /* Assets.xcassets in Resources */ = {isa = PBXBuildFile; fileRef = 0596AEDF207E33D7003E2726 /* Assets.xcassets */; };
		0596AEE3207E33D7003E2726 /* LaunchScreen.storyboard in Resources */ = {isa = PBXBuildFile; fileRef = 0596AEE1207E33D7003E2726 /* LaunchScreen.storyboard */; };
		0596AEEE207E382F003E2726 /* ForwardSegue.swift in Sources */ = {isa = PBXBuildFile; fileRef = 0596AEED207E382F003E2726 /* ForwardSegue.swift */; };
		0596AEF0207E3848003E2726 /* BackwardSegue.swift in Sources */ = {isa = PBXBuildFile; fileRef = 0596AEEF207E3848003E2726 /* BackwardSegue.swift */; };
		0596AEF3207E3A5C003E2726 /* UIView+addShadow.swift in Sources */ = {isa = PBXBuildFile; fileRef = 0596AEF2207E3A5C003E2726 /* UIView+addShadow.swift */; };
		0596AEF5207E3A66003E2726 /* customSegue.swift in Sources */ = {isa = PBXBuildFile; fileRef = 0596AEF4207E3A66003E2726 /* customSegue.swift */; };
		0596AEF7207E3A7C003E2726 /* UIView+backShadowAnimation.swift in Sources */ = {isa = PBXBuildFile; fileRef = 0596AEF6207E3A7C003E2726 /* UIView+backShadowAnimation.swift */; };
		0596AEF9207E4192003E2726 /* SwipeBack.swift in Sources */ = {isa = PBXBuildFile; fileRef = 0596AEF8207E4192003E2726 /* SwipeBack.swift */; };
		0596AEFB207E42F0003E2726 /* SwipeFront.swift in Sources */ = {isa = PBXBuildFile; fileRef = 0596AEFA207E42F0003E2726 /* SwipeFront.swift */; };
		0596AEFE207E4843003E2726 /* LiveStory.swift in Sources */ = {isa = PBXBuildFile; fileRef = 0596AEFD207E4843003E2726 /* LiveStory.swift */; };
		0596AF03207F7FF0003E2726 /* ImagePopoverViewController.swift in Sources */ = {isa = PBXBuildFile; fileRef = 0596AF02207F7FF0003E2726 /* ImagePopoverViewController.swift */; };
		0596AF072080A6B3003E2726 /* StoryCell.swift in Sources */ = {isa = PBXBuildFile; fileRef = 0596AF062080A6B3003E2726 /* StoryCell.swift */; };
		0596AF092080AB51003E2726 /* String+slice.swift in Sources */ = {isa = PBXBuildFile; fileRef = 0596AF082080AB51003E2726 /* String+slice.swift */; };
		0596AF0B2080B981003E2726 /* Message.swift in Sources */ = {isa = PBXBuildFile; fileRef = 0596AF0A2080B981003E2726 /* Message.swift */; };
		0596AF0D2083A554003E2726 /* Author.swift in Sources */ = {isa = PBXBuildFile; fileRef = 0596AF0C2083A554003E2726 /* Author.swift */; };
/* End PBXBuildFile section */

/* Begin PBXFileReference section */
		0596AED5207E33D6003E2726 /* LiveStories.app */ = {isa = PBXFileReference; explicitFileType = wrapper.application; includeInIndex = 0; path = LiveStories.app; sourceTree = BUILT_PRODUCTS_DIR; };
		0596AED8207E33D6003E2726 /* AppDelegate.swift */ = {isa = PBXFileReference; lastKnownFileType = sourcecode.swift; path = AppDelegate.swift; sourceTree = "<group>"; };
		0596AEDA207E33D6003E2726 /* LiveStoriesMainController.swift */ = {isa = PBXFileReference; lastKnownFileType = sourcecode.swift; path = LiveStoriesMainController.swift; sourceTree = "<group>"; };
		0596AEDD207E33D6003E2726 /* Base */ = {isa = PBXFileReference; lastKnownFileType = file.storyboard; name = Base; path = Base.lproj/Main.storyboard; sourceTree = "<group>"; };
		0596AEDF207E33D7003E2726 /* Assets.xcassets */ = {isa = PBXFileReference; lastKnownFileType = folder.assetcatalog; path = Assets.xcassets; sourceTree = "<group>"; };
		0596AEE2207E33D7003E2726 /* Base */ = {isa = PBXFileReference; lastKnownFileType = file.storyboard; name = Base; path = Base.lproj/LaunchScreen.storyboard; sourceTree = "<group>"; };
		0596AEE4207E33D7003E2726 /* Info.plist */ = {isa = PBXFileReference; lastKnownFileType = text.plist.xml; path = Info.plist; sourceTree = "<group>"; };
		0596AEED207E382F003E2726 /* ForwardSegue.swift */ = {isa = PBXFileReference; lastKnownFileType = sourcecode.swift; path = ForwardSegue.swift; sourceTree = "<group>"; };
		0596AEEF207E3848003E2726 /* BackwardSegue.swift */ = {isa = PBXFileReference; lastKnownFileType = sourcecode.swift; path = BackwardSegue.swift; sourceTree = "<group>"; };
		0596AEF2207E3A5C003E2726 /* UIView+addShadow.swift */ = {isa = PBXFileReference; fileEncoding = 4; lastKnownFileType = sourcecode.swift; path = "UIView+addShadow.swift"; sourceTree = "<group>"; };
		0596AEF4207E3A66003E2726 /* customSegue.swift */ = {isa = PBXFileReference; fileEncoding = 4; lastKnownFileType = sourcecode.swift; path = customSegue.swift; sourceTree = "<group>"; };
		0596AEF6207E3A7C003E2726 /* UIView+backShadowAnimation.swift */ = {isa = PBXFileReference; fileEncoding = 4; lastKnownFileType = sourcecode.swift; path = "UIView+backShadowAnimation.swift"; sourceTree = "<group>"; };
		0596AEF8207E4192003E2726 /* SwipeBack.swift */ = {isa = PBXFileReference; fileEncoding = 4; lastKnownFileType = sourcecode.swift; path = SwipeBack.swift; sourceTree = "<group>"; };
		0596AEFA207E42F0003E2726 /* SwipeFront.swift */ = {isa = PBXFileReference; lastKnownFileType = sourcecode.swift; path = SwipeFront.swift; sourceTree = "<group>"; };
		0596AEFD207E4843003E2726 /* LiveStory.swift */ = {isa = PBXFileReference; lastKnownFileType = sourcecode.swift; path = LiveStory.swift; sourceTree = "<group>"; };
		0596AF02207F7FF0003E2726 /* ImagePopoverViewController.swift */ = {isa = PBXFileReference; lastKnownFileType = sourcecode.swift; path = ImagePopoverViewController.swift; sourceTree = "<group>"; };
		0596AF062080A6B3003E2726 /* StoryCell.swift */ = {isa = PBXFileReference; lastKnownFileType = sourcecode.swift; path = StoryCell.swift; sourceTree = "<group>"; };
		0596AF082080AB51003E2726 /* String+slice.swift */ = {isa = PBXFileReference; lastKnownFileType = sourcecode.swift; path = "String+slice.swift"; sourceTree = "<group>"; };
		0596AF0A2080B981003E2726 /* Message.swift */ = {isa = PBXFileReference; lastKnownFileType = sourcecode.swift; path = Message.swift; sourceTree = "<group>"; };
		0596AF0C2083A554003E2726 /* Author.swift */ = {isa = PBXFileReference; lastKnownFileType = sourcecode.swift; path = Author.swift; sourceTree = "<group>"; };
/* End PBXFileReference section */

/* Begin PBXFrameworksBuildPhase section */
		0596AED2207E33D6003E2726 /* Frameworks */ = {
			isa = PBXFrameworksBuildPhase;
			buildActionMask = 2147483647;
			files = (
			);
			runOnlyForDeploymentPostprocessing = 0;
		};
/* End PBXFrameworksBuildPhase section */

/* Begin PBXGroup section */
		0596AECC207E33D6003E2726 = {
			isa = PBXGroup;
			children = (
				0596AED7207E33D6003E2726 /* LiveStories */,
				0596AED6207E33D6003E2726 /* Products */,
			);
			sourceTree = "<group>";
		};
		0596AED6207E33D6003E2726 /* Products */ = {
			isa = PBXGroup;
			children = (
				0596AED5207E33D6003E2726 /* LiveStories.app */,
			);
			name = Products;
			sourceTree = "<group>";
		};
		0596AED7207E33D6003E2726 /* LiveStories */ = {
			isa = PBXGroup;
			children = (
				0596AF01207F7FAC003E2726 /* Controllers */,
				0596AEFC207E4816003E2726 /* Model */,
				0596AEF1207E3A4E003E2726 /* public */,
				0596AEEA207E34C6003E2726 /* View */,
				0596AED8207E33D6003E2726 /* AppDelegate.swift */,
				0596AEDF207E33D7003E2726 /* Assets.xcassets */,
				0596AEE1207E33D7003E2726 /* LaunchScreen.storyboard */,
				0596AEE4207E33D7003E2726 /* Info.plist */,
			);
			path = LiveStories;
			sourceTree = "<group>";
		};
		0596AEEA207E34C6003E2726 /* View */ = {
			isa = PBXGroup;
			children = (
				0596AEDC207E33D6003E2726 /* Main.storyboard */,
				0596AEED207E382F003E2726 /* ForwardSegue.swift */,
				0596AEEF207E3848003E2726 /* BackwardSegue.swift */,
			);
			path = View;
			sourceTree = "<group>";
		};
		0596AEF1207E3A4E003E2726 /* public */ = {
			isa = PBXGroup;
			children = (
				0596AEF4207E3A66003E2726 /* customSegue.swift */,
				0596AEF2207E3A5C003E2726 /* UIView+addShadow.swift */,
				0596AEF6207E3A7C003E2726 /* UIView+backShadowAnimation.swift */,
				0596AEF8207E4192003E2726 /* SwipeBack.swift */,
				0596AEFA207E42F0003E2726 /* SwipeFront.swift */,
				0596AF082080AB51003E2726 /* String+slice.swift */,
			);
			path = public;
			sourceTree = "<group>";
		};
		0596AEFC207E4816003E2726 /* Model */ = {
			isa = PBXGroup;
			children = (
				0596AEFD207E4843003E2726 /* LiveStory.swift */,
				0596AF0A2080B981003E2726 /* Message.swift */,
				0596AF0C2083A554003E2726 /* Author.swift */,
			);
			path = Model;
			sourceTree = "<group>";
		};
		0596AF01207F7FAC003E2726 /* Controllers */ = {
			isa = PBXGroup;
			children = (
				0596AEDA207E33D6003E2726 /* LiveStoriesMainController.swift */,
				0596AF02207F7FF0003E2726 /* ImagePopoverViewController.swift */,
				0596AF062080A6B3003E2726 /* StoryCell.swift */,
			);
			path = Controllers;
			sourceTree = "<group>";
		};
/* End PBXGroup section */

/* Begin PBXNativeTarget section */
		0596AED4207E33D6003E2726 /* LiveStories */ = {
			isa = PBXNativeTarget;
			buildConfigurationList = 0596AEE7207E33D7003E2726 /* Build configuration list for PBXNativeTarget "LiveStories" */;
			buildPhases = (
				0596AED1207E33D6003E2726 /* Sources */,
				0596AED2207E33D6003E2726 /* Frameworks */,
				0596AED3207E33D6003E2726 /* Resources */,
			);
			buildRules = (
			);
			dependencies = (
			);
			name = LiveStories;
			productName = LiveStories;
			productReference = 0596AED5207E33D6003E2726 /* LiveStories.app */;
			productType = "com.apple.product-type.application";
		};
/* End PBXNativeTarget section */

/* Begin PBXProject section */
		0596AECD207E33D6003E2726 /* Project object */ = {
			isa = PBXProject;
			attributes = {
				LastSwiftUpdateCheck = 0930;
				LastUpgradeCheck = 0930;
				ORGANIZATIONNAME = "Jakub Łaszczewski";
				TargetAttributes = {
					0596AED4207E33D6003E2726 = {
						CreatedOnToolsVersion = 9.3;
					};
				};
			};
			buildConfigurationList = 0596AED0207E33D6003E2726 /* Build configuration list for PBXProject "LiveStories" */;
			compatibilityVersion = "Xcode 9.3";
			developmentRegion = en;
			hasScannedForEncodings = 0;
			knownRegions = (
				en,
				Base,
			);
			mainGroup = 0596AECC207E33D6003E2726;
			productRefGroup = 0596AED6207E33D6003E2726 /* Products */;
			projectDirPath = "";
			projectRoot = "";
			targets = (
				0596AED4207E33D6003E2726 /* LiveStories */,
			);
		};
/* End PBXProject section */

/* Begin PBXResourcesBuildPhase section */
		0596AED3207E33D6003E2726 /* Resources */ = {
			isa = PBXResourcesBuildPhase;
			buildActionMask = 2147483647;
			files = (
				0596AEE3207E33D7003E2726 /* LaunchScreen.storyboard in Resources */,
				0596AEE0207E33D7003E2726 /* Assets.xcassets in Resources */,
				0596AEDE207E33D6003E2726 /* Main.storyboard in Resources */,
			);
			runOnlyForDeploymentPostprocessing = 0;
		};
/* End PBXResourcesBuildPhase section */

/* Begin PBXSourcesBuildPhase section */
		0596AED1207E33D6003E2726 /* Sources */ = {
			isa = PBXSourcesBuildPhase;
			buildActionMask = 2147483647;
			files = (
				0596AEEE207E382F003E2726 /* ForwardSegue.swift in Sources */,
				0596AEDB207E33D6003E2726 /* LiveStoriesMainController.swift in Sources */,
				0596AEF5207E3A66003E2726 /* customSegue.swift in Sources */,
				0596AEFE207E4843003E2726 /* LiveStory.swift in Sources */,
				0596AF092080AB51003E2726 /* String+slice.swift in Sources */,
				0596AEF9207E4192003E2726 /* SwipeBack.swift in Sources */,
				0596AF03207F7FF0003E2726 /* ImagePopoverViewController.swift in Sources */,
				0596AEFB207E42F0003E2726 /* SwipeFront.swift in Sources */,
				0596AEF7207E3A7C003E2726 /* UIView+backShadowAnimation.swift in Sources */,
				0596AF0D2083A554003E2726 /* Author.swift in Sources */,
				0596AEF0207E3848003E2726 /* BackwardSegue.swift in Sources */,
				0596AED9207E33D6003E2726 /* AppDelegate.swift in Sources */,
				0596AEF3207E3A5C003E2726 /* UIView+addShadow.swift in Sources */,
				0596AF072080A6B3003E2726 /* StoryCell.swift in Sources */,
				0596AF0B2080B981003E2726 /* Message.swift in Sources */,
			);
			runOnlyForDeploymentPostprocessing = 0;
		};
/* End PBXSourcesBuildPhase section */

/* Begin PBXVariantGroup section */
		0596AEDC207E33D6003E2726 /* Main.storyboard */ = {
			isa = PBXVariantGroup;
			children = (
				0596AEDD207E33D6003E2726 /* Base */,
			);
			name = Main.storyboard;
			sourceTree = "<group>";
		};
		0596AEE1207E33D7003E2726 /* LaunchScreen.storyboard */ = {
			isa = PBXVariantGroup;
			children = (
				0596AEE2207E33D7003E2726 /* Base */,
			);
			name = LaunchScreen.storyboard;
			sourceTree = "<group>";
		};
/* End PBXVariantGroup section */

/* Begin XCBuildConfiguration section */
		0596AEE5207E33D7003E2726 /* Debug */ = {
			isa = XCBuildConfiguration;
			buildSettings = {
				ALWAYS_SEARCH_USER_PATHS = NO;
				CLANG_ANALYZER_NONNULL = YES;
				CLANG_ANALYZER_NUMBER_OBJECT_CONVERSION = YES_AGGRESSIVE;
				CLANG_CXX_LANGUAGE_STANDARD = "gnu++14";
				CLANG_CXX_LIBRARY = "libc++";
				CLANG_ENABLE_MODULES = YES;
				CLANG_ENABLE_OBJC_ARC = YES;
				CLANG_ENABLE_OBJC_WEAK = YES;
				CLANG_WARN_BLOCK_CAPTURE_AUTORELEASING = YES;
				CLANG_WARN_BOOL_CONVERSION = YES;
				CLANG_WARN_COMMA = YES;
				CLANG_WARN_CONSTANT_CONVERSION = YES;
				CLANG_WARN_DEPRECATED_OBJC_IMPLEMENTATIONS = YES;
				CLANG_WARN_DIRECT_OBJC_ISA_USAGE = YES_ERROR;
				CLANG_WARN_DOCUMENTATION_COMMENTS = YES;
				CLANG_WARN_EMPTY_BODY = YES;
				CLANG_WARN_ENUM_CONVERSION = YES;
				CLANG_WARN_INFINITE_RECURSION = YES;
				CLANG_WARN_INT_CONVERSION = YES;
				CLANG_WARN_NON_LITERAL_NULL_CONVERSION = YES;
				CLANG_WARN_OBJC_IMPLICIT_RETAIN_SELF = YES;
				CLANG_WARN_OBJC_LITERAL_CONVERSION = YES;
				CLANG_WARN_OBJC_ROOT_CLASS = YES_ERROR;
				CLANG_WARN_RANGE_LOOP_ANALYSIS = YES;
				CLANG_WARN_STRICT_PROTOTYPES = YES;
				CLANG_WARN_SUSPICIOUS_MOVE = YES;
				CLANG_WARN_UNGUARDED_AVAILABILITY = YES_AGGRESSIVE;
				CLANG_WARN_UNREACHABLE_CODE = YES;
				CLANG_WARN__DUPLICATE_METHOD_MATCH = YES;
				CODE_SIGN_IDENTITY = "iPhone Developer";
				COPY_PHASE_STRIP = NO;
				DEBUG_INFORMATION_FORMAT = dwarf;
				ENABLE_STRICT_OBJC_MSGSEND = YES;
				ENABLE_TESTABILITY = YES;
				GCC_C_LANGUAGE_STANDARD = gnu11;
				GCC_DYNAMIC_NO_PIC = NO;
				GCC_NO_COMMON_BLOCKS = YES;
				GCC_OPTIMIZATION_LEVEL = 0;
				GCC_PREPROCESSOR_DEFINITIONS = (
					"DEBUG=1",
					"$(inherited)",
				);
				GCC_WARN_64_TO_32_BIT_CONVERSION = YES;
				GCC_WARN_ABOUT_RETURN_TYPE = YES_ERROR;
				GCC_WARN_UNDECLARED_SELECTOR = YES;
				GCC_WARN_UNINITIALIZED_AUTOS = YES_AGGRESSIVE;
				GCC_WARN_UNUSED_FUNCTION = YES;
				GCC_WARN_UNUSED_VARIABLE = YES;
				IPHONEOS_DEPLOYMENT_TARGET = 11.3;
				MTL_ENABLE_DEBUG_INFO = YES;
				ONLY_ACTIVE_ARCH = YES;
				SDKROOT = iphoneos;
				SWIFT_ACTIVE_COMPILATION_CONDITIONS = DEBUG;
				SWIFT_OPTIMIZATION_LEVEL = "-Onone";
			};
			name = Debug;
		};
		0596AEE6207E33D7003E2726 /* Release */ = {
			isa = XCBuildConfiguration;
			buildSettings = {
				ALWAYS_SEARCH_USER_PATHS = NO;
				CLANG_ANALYZER_NONNULL = YES;
				CLANG_ANALYZER_NUMBER_OBJECT_CONVERSION = YES_AGGRESSIVE;
				CLANG_CXX_LANGUAGE_STANDARD = "gnu++14";
				CLANG_CXX_LIBRARY = "libc++";
				CLANG_ENABLE_MODULES = YES;
				CLANG_ENABLE_OBJC_ARC = YES;
				CLANG_ENABLE_OBJC_WEAK = YES;
				CLANG_WARN_BLOCK_CAPTURE_AUTORELEASING = YES;
				CLANG_WARN_BOOL_CONVERSION = YES;
				CLANG_WARN_COMMA = YES;
				CLANG_WARN_CONSTANT_CONVERSION = YES;
				CLANG_WARN_DEPRECATED_OBJC_IMPLEMENTATIONS = YES;
				CLANG_WARN_DIRECT_OBJC_ISA_USAGE = YES_ERROR;
				CLANG_WARN_DOCUMENTATION_COMMENTS = YES;
				CLANG_WARN_EMPTY_BODY = YES;
				CLANG_WARN_ENUM_CONVERSION = YES;
				CLANG_WARN_INFINITE_RECURSION = YES;
				CLANG_WARN_INT_CONVERSION = YES;
				CLANG_WARN_NON_LITERAL_NULL_CONVERSION = YES;
				CLANG_WARN_OBJC_IMPLICIT_RETAIN_SELF = YES;
				CLANG_WARN_OBJC_LITERAL_CONVERSION = YES;
				CLANG_WARN_OBJC_ROOT_CLASS = YES_ERROR;
				CLANG_WARN_RANGE_LOOP_ANALYSIS = YES;
				CLANG_WARN_STRICT_PROTOTYPES = YES;
				CLANG_WARN_SUSPICIOUS_MOVE = YES;
				CLANG_WARN_UNGUARDED_AVAILABILITY = YES_AGGRESSIVE;
				CLANG_WARN_UNREACHABLE_CODE = YES;
				CLANG_WARN__DUPLICATE_METHOD_MATCH = YES;
				CODE_SIGN_IDENTITY = "iPhone Developer";
				COPY_PHASE_STRIP = NO;
				DEBUG_INFORMATION_FORMAT = "dwarf-with-dsym";
				ENABLE_NS_ASSERTIONS = NO;
				ENABLE_STRICT_OBJC_MSGSEND = YES;
				GCC_C_LANGUAGE_STANDARD = gnu11;
				GCC_NO_COMMON_BLOCKS = YES;
				GCC_WARN_64_TO_32_BIT_CONVERSION = YES;
				GCC_WARN_ABOUT_RETURN_TYPE = YES_ERROR;
				GCC_WARN_UNDECLARED_SELECTOR = YES;
				GCC_WARN_UNINITIALIZED_AUTOS = YES_AGGRESSIVE;
				GCC_WARN_UNUSED_FUNCTION = YES;
				GCC_WARN_UNUSED_VARIABLE = YES;
				IPHONEOS_DEPLOYMENT_TARGET = 11.3;
				MTL_ENABLE_DEBUG_INFO = NO;
				SDKROOT = iphoneos;
				SWIFT_COMPILATION_MODE = wholemodule;
				SWIFT_OPTIMIZATION_LEVEL = "-O";
				VALIDATE_PRODUCT = YES;
			};
			name = Release;
		};
		0596AEE8207E33D7003E2726 /* Debug */ = {
			isa = XCBuildConfiguration;
			buildSettings = {
				ASSETCATALOG_COMPILER_APPICON_NAME = AppIcon;
				CODE_SIGN_STYLE = Automatic;
				DEVELOPMENT_TEAM = J4V42SNZLF;
				INFOPLIST_FILE = LiveStories/Info.plist;
				LD_RUNPATH_SEARCH_PATHS = (
					"$(inherited)",
					"@executable_path/Frameworks",
				);
				PRODUCT_BUNDLE_IDENTIFIER = com.letUs.LiveStories;
				PRODUCT_NAME = "$(TARGET_NAME)";
				SWIFT_VERSION = 4.0;
				TARGETED_DEVICE_FAMILY = "1,2";
			};
			name = Debug;
		};
		0596AEE9207E33D7003E2726 /* Release */ = {
			isa = XCBuildConfiguration;
			buildSettings = {
				ASSETCATALOG_COMPILER_APPICON_NAME = AppIcon;
				CODE_SIGN_STYLE = Automatic;
				DEVELOPMENT_TEAM = J4V42SNZLF;
				INFOPLIST_FILE = LiveStories/Info.plist;
				LD_RUNPATH_SEARCH_PATHS = (
					"$(inherited)",
					"@executable_path/Frameworks",
				);
				PRODUCT_BUNDLE_IDENTIFIER = com.letUs.LiveStories;
				PRODUCT_NAME = "$(TARGET_NAME)";
				SWIFT_VERSION = 4.0;
				TARGETED_DEVICE_FAMILY = "1,2";
			};
			name = Release;
		};
/* End XCBuildConfiguration section */

/* Begin XCConfigurationList section */
		0596AED0207E33D6003E2726 /* Build configuration list for PBXProject "LiveStories" */ = {
			isa = XCConfigurationList;
			buildConfigurations = (
				0596AEE5207E33D7003E2726 /* Debug */,
				0596AEE6207E33D7003E2726 /* Release */,
			);
			defaultConfigurationIsVisible = 0;
			defaultConfigurationName = Release;
		};
		0596AEE7207E33D7003E2726 /* Build configuration list for PBXNativeTarget "LiveStories" */ = {
			isa = XCConfigurationList;
			buildConfigurations = (
				0596AEE8207E33D7003E2726 /* Debug */,
				0596AEE9207E33D7003E2726 /* Release */,
			);
			defaultConfigurationIsVisible = 0;
			defaultConfigurationName = Release;
		};
/* End XCConfigurationList section */
	};
	rootObject = 0596AECD207E33D6003E2726 /* Project object */;
}
